<?xml version="1.0" encoding="utf-8"?>
<Project ToolsVersion="4.0" xmlns="http://schemas.microsoft.com/developer/msbuild/2003">
  <ItemGroup>
    <ClInclude Include="..\game\q_shared.h">
      <Filter>game</Filter>
    </ClInclude>
    <ClInclude Include="src\snd_local.h">
      <Filter>src</Filter>
    </ClInclude>
    <ClInclude Include="src\snd_main.h">
      <Filter>src</Filter>
    </ClInclude>
    <ClInclude Include="src\snd_ogg.h">
      <Filter>src</Filter>
    </ClInclude>
    <ClInclude Include="src\snd_sdl3.h">
      <Filter>src</Filter>
    </ClInclude>
    <ClInclude Include="src\snd_LowpassFilter.h">
      <Filter>src</Filter>
    </ClInclude>
    <ClInclude Include="src\snd_wav.h">
      <Filter>src</Filter>
    </ClInclude>
  </ItemGroup>
  <ItemGroup>
    <Filter Include="game">
      <UniqueIdentifier>{8189af56-3261-4a46-b2b4-15bc8604f6f6}</UniqueIdentifier>
    </Filter>
    <Filter Include="src">
      <UniqueIdentifier>{62244923-7c0a-4745-9e4b-4343d53ed13a}</UniqueIdentifier>
    </Filter>
  </ItemGroup>
  <ItemGroup>
    <ClCompile Include="src\snd_main.c">
      <Filter>src</Filter>
    </ClCompile>
    <ClCompile Include="src\snd_ogg.c">
      <Filter>src</Filter>
    </ClCompile>
    <ClCompile Include="src\snd_sdl3.c">
      <Filter>src</Filter>
    </ClCompile>
    <ClCompile Include="src\snd_LowpassFilter.c">
      <Filter>src</Filter>
    </ClCompile>
    <ClCompile Include="src\snd_wav.c">
      <Filter>src</Filter>
    </ClCompile>
  </ItemGroup>
</Project>