<?xml version="1.0" encoding="utf-8"?>
<Project ToolsVersion="4.0" xmlns="http://schemas.microsoft.com/developer/msbuild/2003">
  <ItemGroup>
    <Filter Include="win32">
      <UniqueIdentifier>{f4b42e80-f83d-41cd-ad5c-699a959fd136}</UniqueIdentifier>
    </Filter>
    <Filter Include="qcommon">
      <UniqueIdentifier>{7e5245c5-b973-45e6-ab45-c51e6dbf1952}</UniqueIdentifier>
    </Filter>
    <Filter Include="client">
      <UniqueIdentifier>{6fe0e484-2420-4776-93d6-81074b2b0383}</UniqueIdentifier>
    </Filter>
    <Filter Include="server">
      <UniqueIdentifier>{f37660ba-f385-478b-9a61-21354afb2d2c}</UniqueIdentifier>
    </Filter>
    <Filter Include="Player">
      <UniqueIdentifier>{9dc94f0a-c6f6-4f7f-a25a-48bcd776ffef}</UniqueIdentifier>
    </Filter>
    <Filter Include="game">
      <UniqueIdentifier>{803eb527-9cf7-4fb1-88ba-09fcb9297af3}</UniqueIdentifier>
    </Filter>
    <Filter Include="client\menus">
      <UniqueIdentifier>{cb9b321b-4852-456f-967f-67cf8ed4a248}</UniqueIdentifier>
    </Filter>
    <Filter Include="libsmacker">
      <UniqueIdentifier>{8c1c9461-5d0c-482a-b819-b7a53dcc76ab}</UniqueIdentifier>
    </Filter>
  </ItemGroup>
  <ItemGroup>
    <ClCompile Include="sys_win.c">
      <Filter>win32</Filter>
    </ClCompile>
    <ClCompile Include="..\qcommon\common.c">
      <Filter>qcommon</Filter>
    </ClCompile>
    <ClCompile Include="q_shwin.c">
      <Filter>win32</Filter>
    </ClCompile>
    <ClCompile Include="..\client\keys.c">
      <Filter>client</Filter>
    </ClCompile>
    <ClCompile Include="..\qcommon\cmd.c">
      <Filter>qcommon</Filter>
    </ClCompile>
    <ClCompile Include="..\qcommon\cvar.c">
      <Filter>qcommon</Filter>
    </ClCompile>
    <ClCompile Include="..\qcommon\files.c">
      <Filter>qcommon</Filter>
    </ClCompile>
    <ClCompile Include="..\server\sv_main.c">
      <Filter>server</Filter>
    </ClCompile>
    <ClCompile Include="net_wins.c">
      <Filter>win32</Filter>
    </ClCompile>
    <ClCompile Include="..\qcommon\net_chan.c">
      <Filter>qcommon</Filter>
    </ClCompile>
    <ClCompile Include="..\client\cl_main.c">
      <Filter>client</Filter>
    </ClCompile>
    <ClCompile Include="..\client\cl_screen.c">
      <Filter>client</Filter>
    </ClCompile>
    <ClCompile Include="..\client\console.c">
      <Filter>client</Filter>
    </ClCompile>
    <ClCompile Include="vid_dll.c">
      <Filter>win32</Filter>
    </ClCompile>
    <ClCompile Include="clfx_dll.c">
      <Filter>win32</Filter>
    </ClCompile>
    <ClCompile Include="..\client\cl_entities.c">
      <Filter>client</Filter>
    </ClCompile>
    <ClCompile Include="snd_dll.c">
      <Filter>win32</Filter>
    </ClCompile>
    <ClCompile Include="..\server\sv_ccmds.c">
      <Filter>server</Filter>
    </ClCompile>
    <ClCompile Include="..\client\cl_parse.c">
      <Filter>client</Filter>
    </ClCompile>
    <ClCompile Include="..\client\menu.c">
      <Filter>client</Filter>
    </ClCompile>
    <ClCompile Include="..\client\cl_view.c">
      <Filter>client</Filter>
    </ClCompile>
    <ClCompile Include="..\client\cl_skeletons.c">
      <Filter>client</Filter>
    </ClCompile>
    <ClCompile Include="..\qcommon\p_dll.c">
      <Filter>qcommon</Filter>
    </ClCompile>
    <ClCompile Include="..\client\cl_smk.c">
      <Filter>client</Filter>
    </ClCompile>
    <ClCompile Include="..\client\menus\menu_actionkeys.c">
      <Filter>client\menus</Filter>
    </ClCompile>
    <ClCompile Include="..\client\menus\menu_addressbook.c">
      <Filter>client\menus</Filter>
    </ClCompile>
    <ClCompile Include="..\client\menus\menu_cameracfg.c">
      <Filter>client\menus</Filter>
    </ClCompile>
    <ClCompile Include="..\client\menus\menu_citymap.c">
      <Filter>client\menus</Filter>
    </ClCompile>
    <ClCompile Include="..\client\menus\menu_credits.c">
      <Filter>client\menus</Filter>
    </ClCompile>
    <ClCompile Include="..\client\menus\menu_dmoptions.c">
      <Filter>client\menus</Filter>
    </ClCompile>
    <ClCompile Include="..\client\menus\menu_doubletapkeys.c">
      <Filter>client\menus</Filter>
    </ClCompile>
    <ClCompile Include="..\client\menus\menu_downloadoptions.c">
      <Filter>client\menus</Filter>
    </ClCompile>
    <ClCompile Include="..\client\menus\menu_game.c">
      <Filter>client\menus</Filter>
    </ClCompile>
    <ClCompile Include="..\client\menus\menu_help.c">
      <Filter>client\menus</Filter>
    </ClCompile>
    <ClCompile Include="..\client\menus\menu_info.c">
      <Filter>client\menus</Filter>
    </ClCompile>
    <ClCompile Include="..\client\menus\menu_joinserver.c">
      <Filter>client\menus</Filter>
    </ClCompile>
    <ClCompile Include="..\client\menus\menu_loadcfg.c">
      <Filter>client\menus</Filter>
    </ClCompile>
    <ClCompile Include="..\client\menus\menu_loadgame.c">
      <Filter>client\menus</Filter>
    </ClCompile>
    <ClCompile Include="..\client\menus\menu_main.c">
      <Filter>client\menus</Filter>
    </ClCompile>
    <ClCompile Include="..\client\menus\menu_misc.c">
      <Filter>client\menus</Filter>
    </ClCompile>
    <ClCompile Include="..\client\menus\menu_mousecfg.c">
      <Filter>client\menus</Filter>
    </ClCompile>
    <ClCompile Include="..\client\menus\menu_movekeys.c">
      <Filter>client\menus</Filter>
    </ClCompile>
    <ClCompile Include="..\client\menus\menu_multiplayer.c">
      <Filter>client\menus</Filter>
    </ClCompile>
    <ClCompile Include="..\client\menus\menu_objectives.c">
      <Filter>client\menus</Filter>
    </ClCompile>
    <ClCompile Include="..\client\menus\menu_options.c">
      <Filter>client\menus</Filter>
    </ClCompile>
    <ClCompile Include="..\client\menus\menu_playerconfig.c">
      <Filter>client\menus</Filter>
    </ClCompile>
    <ClCompile Include="..\client\menus\menu_quit.c">
      <Filter>client\menus</Filter>
    </ClCompile>
    <ClCompile Include="..\client\menus\menu_savegame.c">
      <Filter>client\menus</Filter>
    </ClCompile>
    <ClCompile Include="..\client\menus\menu_shortkeys.c">
      <Filter>client\menus</Filter>
    </ClCompile>
    <ClCompile Include="..\client\menus\menu_sound.c">
      <Filter>client\menus</Filter>
    </ClCompile>
    <ClCompile Include="..\client\menus\menu_startserver.c">
      <Filter>client\menus</Filter>
    </ClCompile>
    <ClCompile Include="..\client\menus\menu_video.c">
      <Filter>client\menus</Filter>
    </ClCompile>
    <ClCompile Include="..\client\menus\menu_worldmap.c">
      <Filter>client\menus</Filter>
    </ClCompile>
    <ClCompile Include="..\client\cl_input.c">
      <Filter>client</Filter>
    </ClCompile>
    <ClCompile Include="..\qcommon\netmsg_write.c">
      <Filter>qcommon</Filter>
    </ClCompile>
    <ClCompile Include="..\server\sv_init.c">
      <Filter>server</Filter>
    </ClCompile>
    <ClCompile Include="..\server\sv_send.c">
      <Filter>server</Filter>
    </ClCompile>
    <ClCompile Include="..\server\sv_game.c">
      <Filter>server</Filter>
    </ClCompile>
    <ClCompile Include="..\server\sv_world.c">
      <Filter>server</Filter>
    </ClCompile>
    <ClCompile Include="..\server\sv_effects.c">
      <Filter>server</Filter>
    </ClCompile>
    <ClCompile Include="..\qcommon\cmodel.c">
      <Filter>qcommon</Filter>
    </ClCompile>
    <ClCompile Include="..\qcommon\pmove.c">
      <Filter>qcommon</Filter>
    </ClCompile>
    <ClCompile Include="..\qcommon\netmsg_read.c">
      <Filter>qcommon</Filter>
    </ClCompile>
    <ClCompile Include="..\qcommon\anorms.c">
      <Filter>qcommon</Filter>
    </ClCompile>
    <ClCompile Include="..\server\sv_user.c">
      <Filter>server</Filter>
    </ClCompile>
    <ClCompile Include="..\client\cl_prediction.c">
      <Filter>client</Filter>
    </ClCompile>
    <ClCompile Include="..\client\cl_inventory.c">
      <Filter>client</Filter>
    </ClCompile>
    <ClCompile Include="..\client\cl_effects.c">
      <Filter>client</Filter>
    </ClCompile>
    <ClCompile Include="..\client\cl_messages.c">
      <Filter>client</Filter>
    </ClCompile>
    <ClCompile Include="..\client\menus\menu_keys.c">
      <Filter>client\menus</Filter>
    </ClCompile>
    <ClCompile Include="..\qcommon\md4.c">
      <Filter>qcommon</Filter>
    </ClCompile>
    <ClCompile Include="..\qcommon\tokens.c">
      <Filter>qcommon</Filter>
    </ClCompile>
    <ClCompile Include="..\game\q_shared.c">
      <Filter>game</Filter>
    </ClCompile>
    <ClCompile Include="..\server\sv_entities.c">
      <Filter>server</Filter>
    </ClCompile>
    <ClCompile Include="..\client\cl_player.c">
      <Filter>client</Filter>
    </ClCompile>
    <ClCompile Include="..\qcommon\Skeletons.c">
      <Filter>qcommon</Filter>
    </ClCompile>
    <ClCompile Include="..\client\cl_demo.c">
      <Filter>client</Filter>
    </ClCompile>
    <ClCompile Include="..\qcommon\Debug.c">
      <Filter>qcommon</Filter>
    </ClCompile>
    <ClCompile Include="..\qcommon\Reference.c">
      <Filter>qcommon</Filter>
    </ClCompile>
    <ClCompile Include="..\..\include\libsmacker\smacker.c">
      <Filter>libsmacker</Filter>
    </ClCompile>
    <ClCompile Include="..\client\glimp_sdl3.c">
      <Filter>client</Filter>
    </ClCompile>
    <ClCompile Include="..\client\input_sdl3.c">
      <Filter>client</Filter>
    </ClCompile>
    <ClCompile Include="vid_Screenshot.c">
      <Filter>win32</Filter>
    </ClCompile>
  </ItemGroup>
  <ItemGroup>
    <ClInclude Include="..\qcommon\qcommon.h">
      <Filter>qcommon</Filter>
    </ClInclude>
    <ClInclude Include="Quake2Main.h">
      <Filter>win32</Filter>
    </ClInclude>
    <ClInclude Include="..\qcommon\Heretic2.h">
      <Filter>qcommon</Filter>
    </ClInclude>
    <ClInclude Include="..\client\keys.h">
      <Filter>client</Filter>
    </ClInclude>
    <ClInclude Include="..\server\server.h">
      <Filter>server</Filter>
    </ClInclude>
    <ClInclude Include="..\client\screen.h">
      <Filter>client</Filter>
    </ClInclude>
    <ClInclude Include="..\client\console.h">
      <Filter>client</Filter>
    </ClInclude>
    <ClInclude Include="..\client\client.h">
      <Filter>client</Filter>
    </ClInclude>
    <ClInclude Include="..\client\input.h">
      <Filter>client</Filter>
    </ClInclude>
    <ClInclude Include="..\qcommon\LevelMaps.h">
      <Filter>qcommon</Filter>
    </ClInclude>
    <ClInclude Include="..\qcommon\q_ClientServer.h">
      <Filter>qcommon</Filter>
    </ClInclude>
    <ClInclude Include="..\Player\p_types.h">
      <Filter>Player</Filter>
    </ClInclude>
    <ClInclude Include="..\Player\Player.h">
      <Filter>Player</Filter>
    </ClInclude>
    <ClInclude Include="..\game\g_itemstats.h">
      <Filter>game</Filter>
    </ClInclude>
    <ClInclude Include="vid_dll.h">
      <Filter>win32</Filter>
    </ClInclude>
    <ClInclude Include="clfx_dll.h">
      <Filter>win32</Filter>
    </ClInclude>
    <ClInclude Include="..\game\q_shared.h">
      <Filter>game</Filter>
    </ClInclude>
    <ClInclude Include="dll_io.h">
      <Filter>win32</Filter>
    </ClInclude>
    <ClInclude Include="..\client\vid.h">
      <Filter>client</Filter>
    </ClInclude>
    <ClInclude Include="..\qcommon\q_Typedef.h">
      <Filter>qcommon</Filter>
    </ClInclude>
    <ClInclude Include="..\qcommon\qfiles.h">
      <Filter>qcommon</Filter>
    </ClInclude>
    <ClInclude Include="..\client\ref.h">
      <Filter>client</Filter>
    </ClInclude>
    <ClInclude Include="..\qcommon\ResourceManager.h">
      <Filter>qcommon</Filter>
    </ClInclude>
    <ClInclude Include="..\qcommon\H2Common.h">
      <Filter>qcommon</Filter>
    </ClInclude>
    <ClInclude Include="..\client\menu.h">
      <Filter>client</Filter>
    </ClInclude>
    <ClInclude Include="snd_dll.h">
      <Filter>win32</Filter>
    </ClInclude>
    <ClInclude Include="..\client\cl_skeletons.h">
      <Filter>client</Filter>
    </ClInclude>
    <ClInclude Include="..\client\menus\menu_actionkeys.h">
      <Filter>client\menus</Filter>
    </ClInclude>
    <ClInclude Include="..\client\menus\menu_addressbook.h">
      <Filter>client\menus</Filter>
    </ClInclude>
    <ClInclude Include="..\client\menus\menu_cameracfg.h">
      <Filter>client\menus</Filter>
    </ClInclude>
    <ClInclude Include="..\client\menus\menu_citymap.h">
      <Filter>client\menus</Filter>
    </ClInclude>
    <ClInclude Include="..\client\menus\menu_credits.h">
      <Filter>client\menus</Filter>
    </ClInclude>
    <ClInclude Include="..\client\menus\menu_dmoptions.h">
      <Filter>client\menus</Filter>
    </ClInclude>
    <ClInclude Include="..\client\menus\menu_doubletapkeys.h">
      <Filter>client\menus</Filter>
    </ClInclude>
    <ClInclude Include="..\client\menus\menu_downloadoptions.h">
      <Filter>client\menus</Filter>
    </ClInclude>
    <ClInclude Include="..\client\menus\menu_game.h">
      <Filter>client\menus</Filter>
    </ClInclude>
    <ClInclude Include="..\client\menus\menu_help.h">
      <Filter>client\menus</Filter>
    </ClInclude>
    <ClInclude Include="..\client\menus\menu_info.h">
      <Filter>client\menus</Filter>
    </ClInclude>
    <ClInclude Include="..\client\menus\menu_joinserver.h">
      <Filter>client\menus</Filter>
    </ClInclude>
    <ClInclude Include="..\client\menus\menu_loadcfg.h">
      <Filter>client\menus</Filter>
    </ClInclude>
    <ClInclude Include="..\client\menus\menu_loadgame.h">
      <Filter>client\menus</Filter>
    </ClInclude>
    <ClInclude Include="..\client\menus\menu_main.h">
      <Filter>client\menus</Filter>
    </ClInclude>
    <ClInclude Include="..\client\menus\menu_misc.h">
      <Filter>client\menus</Filter>
    </ClInclude>
    <ClInclude Include="..\client\menus\menu_mousecfg.h">
      <Filter>client\menus</Filter>
    </ClInclude>
    <ClInclude Include="..\client\menus\menu_movekeys.h">
      <Filter>client\menus</Filter>
    </ClInclude>
    <ClInclude Include="..\client\menus\menu_multiplayer.h">
      <Filter>client\menus</Filter>
    </ClInclude>
    <ClInclude Include="..\client\menus\menu_objectives.h">
      <Filter>client\menus</Filter>
    </ClInclude>
    <ClInclude Include="..\client\menus\menu_options.h">
      <Filter>client\menus</Filter>
    </ClInclude>
    <ClInclude Include="..\client\menus\menu_playerconfig.h">
      <Filter>client\menus</Filter>
    </ClInclude>
    <ClInclude Include="..\client\menus\menu_quit.h">
      <Filter>client\menus</Filter>
    </ClInclude>
    <ClInclude Include="..\client\menus\menu_savegame.h">
      <Filter>client\menus</Filter>
    </ClInclude>
    <ClInclude Include="..\client\menus\menu_shortkeys.h">
      <Filter>client\menus</Filter>
    </ClInclude>
    <ClInclude Include="..\client\menus\menu_sound.h">
      <Filter>client\menus</Filter>
    </ClInclude>
    <ClInclude Include="..\client\menus\menu_startserver.h">
      <Filter>client\menus</Filter>
    </ClInclude>
    <ClInclude Include="..\client\menus\menu_video.h">
      <Filter>client\menus</Filter>
    </ClInclude>
    <ClInclude Include="..\client\menus\menu_worldmap.h">
      <Filter>client\menus</Filter>
    </ClInclude>
    <ClInclude Include="..\game\game.h">
      <Filter>game</Filter>
    </ClInclude>
    <ClInclude Include="..\server\sv_effects.h">
      <Filter>server</Filter>
    </ClInclude>
    <ClInclude Include="..\qcommon\cmodel.h">
      <Filter>qcommon</Filter>
    </ClInclude>
    <ClInclude Include="..\qcommon\cmodel_private.h">
      <Filter>qcommon</Filter>
    </ClInclude>
    <ClInclude Include="..\qcommon\cl_strings.h">
      <Filter>qcommon</Filter>
    </ClInclude>
    <ClInclude Include="..\qcommon\anorms.h">
      <Filter>qcommon</Filter>
    </ClInclude>
    <ClInclude Include="..\qcommon\EffectFlags.h">
      <Filter>qcommon</Filter>
    </ClInclude>
    <ClInclude Include="..\qcommon\tokens.h">
      <Filter>qcommon</Filter>
    </ClInclude>
    <ClInclude Include="..\client\cl_messages.h">
      <Filter>client</Filter>
    </ClInclude>
    <ClInclude Include="..\client\menus\menu_keys.h">
      <Filter>client\menus</Filter>
    </ClInclude>
    <ClInclude Include="..\client\menus\menu_saveload.h">
      <Filter>client\menus</Filter>
    </ClInclude>
    <ClInclude Include="..\qcommon\Vector.h">
      <Filter>qcommon</Filter>
    </ClInclude>
    <ClInclude Include="..\client\cl_effects.h">
      <Filter>client</Filter>
    </ClInclude>
    <ClInclude Include="..\Player\p_main.h">
      <Filter>Player</Filter>
    </ClInclude>
    <ClInclude Include="..\game\g_Skeleton.h">
      <Filter>game</Filter>
    </ClInclude>
    <ClInclude Include="..\qcommon\FX.h">
      <Filter>qcommon</Filter>
    </ClInclude>
    <ClInclude Include="..\qcommon\Skeletons.h">
      <Filter>qcommon</Filter>
    </ClInclude>
    <ClInclude Include="..\qcommon\q_Physics.h">
      <Filter>qcommon</Filter>
    </ClInclude>
    <ClInclude Include="..\game\g_playstats.h">
      <Filter>game</Filter>
    </ClInclude>
    <ClInclude Include="..\qcommon\Random.h">
      <Filter>qcommon</Filter>
    </ClInclude>
    <ClInclude Include="..\qcommon\Angles.h">
      <Filter>qcommon</Filter>
    </ClInclude>
    <ClInclude Include="..\game\g_items.h">
      <Filter>game</Filter>
    </ClInclude>
    <ClInclude Include="..\qcommon\Debug.h">
      <Filter>qcommon</Filter>
    </ClInclude>
    <ClInclude Include="..\qcommon\FlexModel.h">
      <Filter>qcommon</Filter>
    </ClInclude>
    <ClInclude Include="..\qcommon\Reference.h">
      <Filter>qcommon</Filter>
    </ClInclude>
    <ClInclude Include="..\qcommon\p_dll.h">
      <Filter>qcommon</Filter>
    </ClInclude>
    <ClInclude Include="..\..\include\libsmacker\smacker.h">
      <Filter>libsmacker</Filter>
    </ClInclude>
    <ClInclude Include="..\..\include\libsmacker\smk_malloc.h">
      <Filter>libsmacker</Filter>
    </ClInclude>
    <ClInclude Include="..\client\glimp_sdl3.h">
      <Filter>client</Filter>
    </ClInclude>
    <ClInclude Include="vid_Screenshot.h">
      <Filter>win32</Filter>
    </ClInclude>
  </ItemGroup>
</Project>