<?xml version="1.0" encoding="utf-8"?>
<Project ToolsVersion="4.0" xmlns="http://schemas.microsoft.com/developer/msbuild/2003">
  <ItemGroup>
    <Filter Include="src">
      <UniqueIdentifier>{098ea8a6-bbf2-450d-be1f-169edadc9337}</UniqueIdentifier>
    </Filter>
    <Filter Include="client">
      <UniqueIdentifier>{59bd5586-cc2e-4c41-a896-5bba04efbcdb}</UniqueIdentifier>
    </Filter>
    <Filter Include="qcommon">
      <UniqueIdentifier>{a313519a-b50d-457f-89a3-33c7d0e70d9f}</UniqueIdentifier>
    </Filter>
    <Filter Include="game">
      <UniqueIdentifier>{3ad4f611-e50e-4931-b165-500becd8e6d7}</UniqueIdentifier>
    </Filter>
    <Filter Include="win32">
      <UniqueIdentifier>{acc34ab7-80c8-4efb-b41e-f0229fd78fec}</UniqueIdentifier>
    </Filter>
  </ItemGroup>
  <ItemGroup>
    <ClCompile Include="gl_main.c">
      <Filter>src</Filter>
    </ClCompile>
    <ClCompile Include="gl_model.c">
      <Filter>src</Filter>
    </ClCompile>
    <ClCompile Include="gl_image.c">
      <Filter>src</Filter>
    </ClCompile>
    <ClCompile Include="gl_draw.c">
      <Filter>src</Filter>
    </ClCompile>
    <ClCompile Include="gl_warp.c">
      <Filter>src</Filter>
    </ClCompile>
    <ClCompile Include="m_Reference.c">
      <Filter>src</Filter>
    </ClCompile>
    <ClCompile Include="..\qcommon\Skeletons.c">
      <Filter>qcommon</Filter>
    </ClCompile>
    <ClCompile Include="gl_draw_cinematic.c">
      <Filter>src</Filter>
    </ClCompile>
    <ClCompile Include="gl_find_surface.c">
      <Filter>src</Filter>
    </ClCompile>
    <ClCompile Include="gl_misc.c">
      <Filter>src</Filter>
    </ClCompile>
    <ClCompile Include="..\win32\glw_imp.c">
      <Filter>win32</Filter>
    </ClCompile>
    <ClCompile Include="qgl_win.c">
      <Filter>win32</Filter>
    </ClCompile>
    <ClCompile Include="gl_draw_book.c">
      <Filter>src</Filter>
    </ClCompile>
    <ClCompile Include="..\win32\q_shwin.c">
      <Filter>win32</Filter>
    </ClCompile>
    <ClCompile Include="gl_surf.c">
      <Filter>src</Filter>
    </ClCompile>
    <ClCompile Include="gl_light.c">
      <Filter>src</Filter>
    </ClCompile>
    <ClCompile Include="..\qcommon\Reference.c">
      <Filter>qcommon</Filter>
    </ClCompile>
    <ClCompile Include="r_Skeletons.c">
      <Filter>src</Filter>
    </ClCompile>
    <ClCompile Include="..\game\q_shared.c">
      <Filter>game</Filter>
    </ClCompile>
    <ClCompile Include="anormtab.c">
      <Filter>src</Filter>
    </ClCompile>
    <ClCompile Include="r_SkeletonLerp.c">
      <Filter>src</Filter>
    </ClCompile>
    <ClCompile Include="gl_sprite.c">
      <Filter>src</Filter>
    </ClCompile>
    <ClCompile Include="gl_sky.c">
      <Filter>src</Filter>
    </ClCompile>
    <ClCompile Include="gl_fmodel.c">
      <Filter>src</Filter>
    </ClCompile>
    <ClCompile Include="..\qcommon\anorms.c">
      <Filter>qcommon</Filter>
    </ClCompile>
    <ClCompile Include="..\qcommon\turbsin.c">
      <Filter>qcommon</Filter>
    </ClCompile>
    <ClCompile Include="gl_debug.c">
      <Filter>src</Filter>
    </ClCompile>
  </ItemGroup>
  <ItemGroup>
    <ClInclude Include="gl_local.h">
      <Filter>src</Filter>
    </ClInclude>
    <ClInclude Include="..\client\ref.h">
      <Filter>client</Filter>
    </ClInclude>
    <ClInclude Include="..\client\screen.h">
      <Filter>client</Filter>
    </ClInclude>
    <ClInclude Include="..\client\vid.h">
      <Filter>client</Filter>
    </ClInclude>
    <ClInclude Include="..\qcommon\qcommon.h">
      <Filter>qcommon</Filter>
    </ClInclude>
    <ClInclude Include="..\game\q_shared.h">
      <Filter>game</Filter>
    </ClInclude>
    <ClInclude Include="..\qcommon\qfiles.h">
      <Filter>qcommon</Filter>
    </ClInclude>
    <ClInclude Include="m_Reference.h">
      <Filter>src</Filter>
    </ClInclude>
    <ClInclude Include="..\qcommon\Placement.h">
      <Filter>qcommon</Filter>
    </ClInclude>
    <ClInclude Include="..\qcommon\ArrayedList.h">
      <Filter>qcommon</Filter>
    </ClInclude>
    <ClInclude Include="..\qcommon\Reference.h">
      <Filter>qcommon</Filter>
    </ClInclude>
    <ClInclude Include="..\qcommon\Skeletons.h">
      <Filter>qcommon</Filter>
    </ClInclude>
    <ClInclude Include="gl_model.h">
      <Filter>src</Filter>
    </ClInclude>
    <ClInclude Include="..\qcommon\q_Surface.h">
      <Filter>qcommon</Filter>
    </ClInclude>
    <ClInclude Include="..\win32\glw_win.h">
      <Filter>win32</Filter>
    </ClInclude>
    <ClInclude Include="qgl.h">
      <Filter>src</Filter>
    </ClInclude>
    <ClInclude Include="m_SkeletalCluster.h">
      <Filter>src</Filter>
    </ClInclude>
    <ClInclude Include="m_Skeleton.h">
      <Filter>src</Filter>
    </ClInclude>
    <ClInclude Include="r_Skeletons.h">
      <Filter>src</Filter>
    </ClInclude>
    <ClInclude Include="anormtab.h">
      <Filter>src</Filter>
    </ClInclude>
    <ClInclude Include="r_SkeletonLerp.h">
      <Filter>src</Filter>
    </ClInclude>
    <ClInclude Include="..\qcommon\q_Sprite.h">
      <Filter>qcommon</Filter>
    </ClInclude>
    <ClInclude Include="gl_fmodel.h">
      <Filter>src</Filter>
    </ClInclude>
    <ClInclude Include="..\qcommon\anorms.h">
      <Filter>qcommon</Filter>
    </ClInclude>
    <ClInclude Include="..\qcommon\FlexModel.h">
      <Filter>qcommon</Filter>
    </ClInclude>
    <ClInclude Include="..\qcommon\turbsin.h">
      <Filter>qcommon</Filter>
    </ClInclude>
    <ClInclude Include="gl_debug.h">
      <Filter>src</Filter>
    </ClInclude>
  </ItemGroup>
  <ItemGroup>
    <None Include="cpp.hint" />
  </ItemGroup>
</Project>