<?xml version="1.0" encoding="utf-8"?>
<Project ToolsVersion="4.0" xmlns="http://schemas.microsoft.com/developer/msbuild/2003">
  <ItemGroup>
    <Filter Include="src">
      <UniqueIdentifier>{3b68eabf-e430-4470-b430-3f9d0e091b29}</UniqueIdentifier>
    </Filter>
    <Filter Include="client">
      <UniqueIdentifier>{ff52431e-ea05-452e-a647-fe5078db5540}</UniqueIdentifier>
    </Filter>
    <Filter Include="qcommon">
      <UniqueIdentifier>{4c59866a-09fb-455d-8f11-32a0bb10b6ba}</UniqueIdentifier>
    </Filter>
    <Filter Include="glad">
      <UniqueIdentifier>{36d33ac4-23d9-4415-bc2f-c34fcc0de8c2}</UniqueIdentifier>
    </Filter>
    <Filter Include="src\Skeletons">
      <UniqueIdentifier>{6b434ae0-cd08-4784-beda-acd7474259d8}</UniqueIdentifier>
    </Filter>
    <Filter Include="game">
      <UniqueIdentifier>{97d4ff17-f354-44fd-ad17-8c9cf53f908c}</UniqueIdentifier>
    </Filter>
  </ItemGroup>
  <ItemGroup>
    <ClCompile Include="src\gl1_Draw.c">
      <Filter>src</Filter>
    </ClCompile>
    <ClCompile Include="src\gl1_DrawBook.c">
      <Filter>src</Filter>
    </ClCompile>
    <ClCompile Include="src\gl1_DrawCinematic.c">
      <Filter>src</Filter>
    </ClCompile>
    <ClCompile Include="src\gl1_Image.c">
      <Filter>src</Filter>
    </ClCompile>
    <ClCompile Include="src\gl1_Main.c">
      <Filter>src</Filter>
    </ClCompile>
    <ClCompile Include="src\gl1_Model.c">
      <Filter>src</Filter>
    </ClCompile>
    <ClCompile Include="src\gl1_Sky.c">
      <Filter>src</Filter>
    </ClCompile>
    <ClCompile Include="src\gl1_SDL.c">
      <Filter>src</Filter>
    </ClCompile>
    <ClCompile Include="src\gl1_FindSurface.c">
      <Filter>src</Filter>
    </ClCompile>
    <ClCompile Include="src\gl1_Debug.c">
      <Filter>src</Filter>
    </ClCompile>
    <ClCompile Include="..\qcommon\anorms.c">
      <Filter>qcommon</Filter>
    </ClCompile>
    <ClCompile Include="src\gl1_Misc.c">
      <Filter>src</Filter>
    </ClCompile>
    <ClCompile Include="..\..\include\glad-GL1.3\glad.c">
      <Filter>glad</Filter>
    </ClCompile>
    <ClCompile Include="..\qcommon\turbsin.c">
      <Filter>qcommon</Filter>
    </ClCompile>
    <ClCompile Include="src\gl1_FlexModel.c">
      <Filter>src</Filter>
    </ClCompile>
    <ClCompile Include="src\Hunk.c">
      <Filter>src</Filter>
    </ClCompile>
    <ClCompile Include="src\gl1_Lightmap.c">
      <Filter>src</Filter>
    </ClCompile>
    <ClCompile Include="src\gl1_Warp.c">
      <Filter>src</Filter>
    </ClCompile>
    <ClCompile Include="src\gl1_Light.c">
      <Filter>src</Filter>
    </ClCompile>
    <ClCompile Include="src\anormtab.c">
      <Filter>src</Filter>
    </ClCompile>
    <ClCompile Include="src\Skeletons\r_SkeletonLerp.c">
      <Filter>src\Skeletons</Filter>
    </ClCompile>
    <ClCompile Include="src\Skeletons\r_Skeletons.c">
      <Filter>src\Skeletons</Filter>
    </ClCompile>
    <ClCompile Include="..\qcommon\Skeletons.c">
      <Filter>qcommon</Filter>
    </ClCompile>
    <ClCompile Include="..\qcommon\Reference.c">
      <Filter>qcommon</Filter>
    </ClCompile>
    <ClCompile Include="src\gl1_Surface.c">
      <Filter>src</Filter>
    </ClCompile>
    <ClCompile Include="..\game\q_shared.c">
      <Filter>game</Filter>
    </ClCompile>
  </ItemGroup>
  <ItemGroup>
    <ClInclude Include="src\gl1_Draw.h">
      <Filter>src</Filter>
    </ClInclude>
    <ClInclude Include="src\gl1_DrawBook.h">
      <Filter>src</Filter>
    </ClInclude>
    <ClInclude Include="src\gl1_DrawCinematic.h">
      <Filter>src</Filter>
    </ClInclude>
    <ClInclude Include="src\gl1_Image.h">
      <Filter>src</Filter>
    </ClInclude>
    <ClInclude Include="src\gl1_Local.h">
      <Filter>src</Filter>
    </ClInclude>
    <ClInclude Include="src\gl1_Model.h">
      <Filter>src</Filter>
    </ClInclude>
    <ClInclude Include="src\gl1_Sky.h">
      <Filter>src</Filter>
    </ClInclude>
    <ClInclude Include="src\gl1_SDL.h">
      <Filter>src</Filter>
    </ClInclude>
    <ClInclude Include="src\gl1_FindSurface.h">
      <Filter>src</Filter>
    </ClInclude>
    <ClInclude Include="src\gl1_Debug.h">
      <Filter>src</Filter>
    </ClInclude>
    <ClInclude Include="..\client\ref.h">
      <Filter>client</Filter>
    </ClInclude>
    <ClInclude Include="..\qcommon\anorms.h">
      <Filter>qcommon</Filter>
    </ClInclude>
    <ClInclude Include="src\gl1_Misc.h">
      <Filter>src</Filter>
    </ClInclude>
    <ClInclude Include="..\..\include\glad-GL1.3\glad.h">
      <Filter>glad</Filter>
    </ClInclude>
    <ClInclude Include="..\..\include\glad-GL1.3\khrplatform.h">
      <Filter>glad</Filter>
    </ClInclude>
    <ClInclude Include="..\qcommon\turbsin.h">
      <Filter>qcommon</Filter>
    </ClInclude>
    <ClInclude Include="..\client\vid.h">
      <Filter>client</Filter>
    </ClInclude>
    <ClInclude Include="src\gl1_FlexModel.h">
      <Filter>src</Filter>
    </ClInclude>
    <ClInclude Include="src\Hunk.h">
      <Filter>src</Filter>
    </ClInclude>
    <ClInclude Include="src\gl1_Lightmap.h">
      <Filter>src</Filter>
    </ClInclude>
    <ClInclude Include="src\gl1_Warp.h">
      <Filter>src</Filter>
    </ClInclude>
    <ClInclude Include="src\gl1_Light.h">
      <Filter>src</Filter>
    </ClInclude>
    <ClInclude Include="src\anormtab.h">
      <Filter>src</Filter>
    </ClInclude>
    <ClInclude Include="src\Skeletons\m_SkeletalCluster.h">
      <Filter>src\Skeletons</Filter>
    </ClInclude>
    <ClInclude Include="src\Skeletons\m_Skeleton.h">
      <Filter>src\Skeletons</Filter>
    </ClInclude>
    <ClInclude Include="src\Skeletons\r_SkeletonLerp.h">
      <Filter>src\Skeletons</Filter>
    </ClInclude>
    <ClInclude Include="src\Skeletons\r_Skeletons.h">
      <Filter>src\Skeletons</Filter>
    </ClInclude>
    <ClInclude Include="..\qcommon\Skeletons.h">
      <Filter>qcommon</Filter>
    </ClInclude>
    <ClInclude Include="..\qcommon\Reference.h">
      <Filter>qcommon</Filter>
    </ClInclude>
    <ClInclude Include="src\gl1_Surface.h">
      <Filter>src</Filter>
    </ClInclude>
    <ClInclude Include="..\game\q_shared.h">
      <Filter>game</Filter>
    </ClInclude>
  </ItemGroup>
</Project>