<?xml version="1.0" encoding="utf-8"?>
<Project ToolsVersion="4.0" xmlns="http://schemas.microsoft.com/developer/msbuild/2003">
  <ItemGroup>
    <Filter Include="src">
      <UniqueIdentifier>{098ea8a6-bbf2-450d-be1f-169edadc9337}</UniqueIdentifier>
    </Filter>
    <Filter Include="qcommon">
      <UniqueIdentifier>{153830ad-1cdd-44c7-8e61-eca69c2e1fb4}</UniqueIdentifier>
    </Filter>
    <Filter Include="game">
      <UniqueIdentifier>{6bbcdb2d-faa7-459f-a24f-e2029d2431fc}</UniqueIdentifier>
    </Filter>
    <Filter Include="headers">
      <UniqueIdentifier>{2df7b8ce-135a-4f4b-8db1-dccacbae30d6}</UniqueIdentifier>
    </Filter>
  </ItemGroup>
  <ItemGroup>
    <ClCompile Include="DllMain.c">
      <Filter>src</Filter>
    </ClCompile>
    <ClCompile Include="ResourceManager.c">
      <Filter>src</Filter>
    </ClCompile>
    <ClCompile Include="Matrix.c">
      <Filter>src</Filter>
    </ClCompile>
    <ClCompile Include="Vector.c">
      <Filter>src</Filter>
    </ClCompile>
    <ClCompile Include="Random.c">
      <Filter>src</Filter>
    </ClCompile>
    <ClCompile Include="Motion.c">
      <Filter>src</Filter>
    </ClCompile>
    <ClCompile Include="q_Physics.c">
      <Filter>src</Filter>
    </ClCompile>
    <ClCompile Include="..\game\q_shared.c">
      <Filter>game</Filter>
    </ClCompile>
    <ClCompile Include="TextPalette.c">
      <Filter>src</Filter>
    </ClCompile>
    <ClCompile Include="Math.c">
      <Filter>src</Filter>
    </ClCompile>
    <ClCompile Include="Common.c">
      <Filter>src</Filter>
    </ClCompile>
    <ClCompile Include="Console.c">
      <Filter>src</Filter>
    </ClCompile>
    <ClCompile Include="ByteOrder.c">
      <Filter>src</Filter>
    </ClCompile>
    <ClCompile Include="InfoStrings.c">
      <Filter>src</Filter>
    </ClCompile>
  </ItemGroup>
  <ItemGroup>
    <ClInclude Include="..\qcommon\H2Common.h">
      <Filter>qcommon</Filter>
    </ClInclude>
    <ClInclude Include="..\qcommon\ResourceManager.h">
      <Filter>qcommon</Filter>
    </ClInclude>
    <ClInclude Include="..\qcommon\q_Typedef.h">
      <Filter>qcommon</Filter>
    </ClInclude>
    <ClInclude Include="..\qcommon\Matrix.h">
      <Filter>qcommon</Filter>
    </ClInclude>
    <ClInclude Include="..\qcommon\Vector.h">
      <Filter>qcommon</Filter>
    </ClInclude>
    <ClInclude Include="..\qcommon\Angles.h">
      <Filter>qcommon</Filter>
    </ClInclude>
    <ClInclude Include="..\qcommon\Random.h">
      <Filter>qcommon</Filter>
    </ClInclude>
    <ClInclude Include="..\qcommon\Motion.h">
      <Filter>qcommon</Filter>
    </ClInclude>
    <ClInclude Include="..\qcommon\q_Physics.h">
      <Filter>qcommon</Filter>
    </ClInclude>
    <ClInclude Include="..\game\q_shared.h">
      <Filter>game</Filter>
    </ClInclude>
    <ClInclude Include="Console.h">
      <Filter>headers</Filter>
    </ClInclude>
  </ItemGroup>
</Project>