<?xml version="1.0" encoding="utf-8"?>
<Project ToolsVersion="4.0" xmlns="http://schemas.microsoft.com/developer/msbuild/2003">
  <ItemGroup>
    <Filter Include="src">
      <UniqueIdentifier>{16d7b31a-6d81-4a8a-83da-8a72ee012da8}</UniqueIdentifier>
    </Filter>
    <Filter Include="game">
      <UniqueIdentifier>{2afebf40-342c-4fd8-a509-40454a98151c}</UniqueIdentifier>
    </Filter>
  </ItemGroup>
  <ItemGroup>
    <ClCompile Include="src\p_actions.c">
      <Filter>src</Filter>
    </ClCompile>
    <ClCompile Include="src\p_anim_branch.c">
      <Filter>src</Filter>
    </ClCompile>
    <ClCompile Include="src\p_anim_data.c">
      <Filter>src</Filter>
    </ClCompile>
    <ClCompile Include="src\p_animactor.c">
      <Filter>src</Filter>
    </ClCompile>
    <ClCompile Include="src\p_anims.c">
      <Filter>src</Filter>
    </ClCompile>
    <ClCompile Include="src\p_chicken.c">
      <Filter>src</Filter>
    </ClCompile>
    <ClCompile Include="src\p_chicken_anim.c">
      <Filter>src</Filter>
    </ClCompile>
    <ClCompile Include="src\p_items.c">
      <Filter>src</Filter>
    </ClCompile>
    <ClCompile Include="src\p_main.c">
      <Filter>src</Filter>
    </ClCompile>
    <ClCompile Include="src\p_utility.c">
      <Filter>src</Filter>
    </ClCompile>
    <ClCompile Include="src\p_weapon.c">
      <Filter>src</Filter>
    </ClCompile>
    <ClCompile Include="..\game\src\q_Shared.c">
      <Filter>game</Filter>
    </ClCompile>
  </ItemGroup>
  <ItemGroup>
    <ClInclude Include="src\p_actions.h">
      <Filter>src</Filter>
    </ClInclude>
    <ClInclude Include="src\p_anim_branch.h">
      <Filter>src</Filter>
    </ClInclude>
    <ClInclude Include="src\p_anim_data.h">
      <Filter>src</Filter>
    </ClInclude>
    <ClInclude Include="src\p_animactor.h">
      <Filter>src</Filter>
    </ClInclude>
    <ClInclude Include="src\p_anims.h">
      <Filter>src</Filter>
    </ClInclude>
    <ClInclude Include="src\p_chicken.h">
      <Filter>src</Filter>
    </ClInclude>
    <ClInclude Include="src\p_items.h">
      <Filter>src</Filter>
    </ClInclude>
    <ClInclude Include="src\p_main.h">
      <Filter>src</Filter>
    </ClInclude>
    <ClInclude Include="src\p_types.h">
      <Filter>src</Filter>
    </ClInclude>
    <ClInclude Include="src\p_utility.h">
      <Filter>src</Filter>
    </ClInclude>
    <ClInclude Include="src\p_weapon.h">
      <Filter>src</Filter>
    </ClInclude>
    <ClInclude Include="src\Player.h">
      <Filter>src</Filter>
    </ClInclude>
    <ClInclude Include="..\game\src\q_Shared.h">
      <Filter>game</Filter>
    </ClInclude>
  </ItemGroup>
</Project>