<?xml version="1.0" encoding="utf-8"?>
<Project ToolsVersion="4.0" xmlns="http://schemas.microsoft.com/developer/msbuild/2003">
  <ItemGroup>
    <Filter Include="src">
      <UniqueIdentifier>{62cbdb59-d84e-49ea-9ed4-0ec7a699f323}</UniqueIdentifier>
    </Filter>
    <Filter Include="qcommon">
      <UniqueIdentifier>{fa24de97-ef58-425b-95bc-bca7e4dbabd6}</UniqueIdentifier>
    </Filter>
    <Filter Include="src\Effects">
      <UniqueIdentifier>{8009a782-9fdc-4271-b351-7b4371aecec0}</UniqueIdentifier>
    </Filter>
    <Filter Include="src\Generic Effects">
      <UniqueIdentifier>{52bcf2bc-85f7-412f-9c13-f09052b8e30e}</UniqueIdentifier>
    </Filter>
    <Filter Include="src\Effects\Pickups">
      <UniqueIdentifier>{447788bb-52b8-4654-8978-e1025628b3db}</UniqueIdentifier>
    </Filter>
  </ItemGroup>
  <ItemGroup>
    <ClCompile Include="ce_DefaultMessageHandler.c">
      <Filter>src</Filter>
    </ClCompile>
    <ClCompile Include="ce_DLight.c">
      <Filter>src</Filter>
    </ClCompile>
    <ClCompile Include="ce_Message.c">
      <Filter>src</Filter>
    </ClCompile>
    <ClCompile Include="Client Entities.c">
      <Filter>src</Filter>
    </ClCompile>
    <ClCompile Include="LevelMaps.c">
      <Filter>src</Filter>
    </ClCompile>
    <ClCompile Include="LightStyles.c">
      <Filter>src</Filter>
    </ClCompile>
    <ClCompile Include="Main.c">
      <Filter>src</Filter>
    </ClCompile>
    <ClCompile Include="Particle.c">
      <Filter>src</Filter>
    </ClCompile>
    <ClCompile Include="Utilities.c">
      <Filter>src</Filter>
    </ClCompile>
    <ClCompile Include="..\qcommon\Message.c">
      <Filter>qcommon</Filter>
    </ClCompile>
    <ClCompile Include="..\qcommon\netmsg_read.c">
      <Filter>qcommon</Filter>
    </ClCompile>
    <ClCompile Include="..\qcommon\anorms.c">
      <Filter>qcommon</Filter>
    </ClCompile>
    <ClCompile Include="..\qcommon\turbsin.c">
      <Filter>qcommon</Filter>
    </ClCompile>
    <ClCompile Include="Client Effects.c">
      <Filter>src\Generic Effects</Filter>
    </ClCompile>
    <ClCompile Include="Generic Character Effects.c">
      <Filter>src\Generic Effects</Filter>
    </ClCompile>
    <ClCompile Include="fx_animate.c">
      <Filter>src\Effects</Filter>
    </ClCompile>
    <ClCompile Include="fx_assassin.c">
      <Filter>src\Effects</Filter>
    </ClCompile>
    <ClCompile Include="fx_blood.c">
      <Filter>src\Effects</Filter>
    </ClCompile>
    <ClCompile Include="fx_BlueRing.c">
      <Filter>src\Effects</Filter>
    </ClCompile>
    <ClCompile Include="fx_bubbler.c">
      <Filter>src\Effects</Filter>
    </ClCompile>
    <ClCompile Include="fx_crosshair.c">
      <Filter>src\Effects</Filter>
    </ClCompile>
    <ClCompile Include="fx_cwatcher.c">
      <Filter>src\Effects</Filter>
    </ClCompile>
    <ClCompile Include="fx_debris.c">
      <Filter>src\Effects</Filter>
    </ClCompile>
    <ClCompile Include="fx_Dripper.c">
      <Filter>src\Effects</Filter>
    </ClCompile>
    <ClCompile Include="fx_dust.c">
      <Filter>src\Effects</Filter>
    </ClCompile>
    <ClCompile Include="fx_dustpuff.c">
      <Filter>src\Effects</Filter>
    </ClCompile>
    <ClCompile Include="fx_fire.c">
      <Filter>src\Effects</Filter>
    </ClCompile>
    <ClCompile Include="fx_firehands.c">
      <Filter>src\Effects</Filter>
    </ClCompile>
    <ClCompile Include="fx_flamethrow.c">
      <Filter>src\Effects</Filter>
    </ClCompile>
    <ClCompile Include="fx_flyingfist.c">
      <Filter>src\Effects</Filter>
    </ClCompile>
    <ClCompile Include="fx_Fountain.c">
      <Filter>src\Effects</Filter>
    </ClCompile>
    <ClCompile Include="fx_halo.c">
      <Filter>src\Effects</Filter>
    </ClCompile>
    <ClCompile Include="fx_HellStaff.c">
      <Filter>src\Effects</Filter>
    </ClCompile>
    <ClCompile Include="fx_HighPriestessProjectiles.c">
      <Filter>src\Effects</Filter>
    </ClCompile>
    <ClCompile Include="fx_HighPriestessStaff.c">
      <Filter>src\Effects</Filter>
    </ClCompile>
    <ClCompile Include="fx_insectstaff.c">
      <Filter>src\Effects</Filter>
    </ClCompile>
    <ClCompile Include="fx_lensflare.c">
      <Filter>src\Effects</Filter>
    </ClCompile>
    <ClCompile Include="fx_lightning.c">
      <Filter>src\Effects</Filter>
    </ClCompile>
    <ClCompile Include="fx_Maceball.c">
      <Filter>src\Effects</Filter>
    </ClCompile>
    <ClCompile Include="fx_magicmissile.c">
      <Filter>src\Effects</Filter>
    </ClCompile>
    <ClCompile Include="fx_meteorbarrier.c">
      <Filter>src\Effects</Filter>
    </ClCompile>
    <ClCompile Include="fx_mist.c">
      <Filter>src\Effects</Filter>
    </ClCompile>
    <ClCompile Include="fx_mork.c">
      <Filter>src\Effects</Filter>
    </ClCompile>
    <ClCompile Include="fx_MorphOvum.c">
      <Filter>src\Effects</Filter>
    </ClCompile>
    <ClCompile Include="fx_objects.c">
      <Filter>src\Effects</Filter>
    </ClCompile>
    <ClCompile Include="fx_Phoenix.c">
      <Filter>src\Effects</Filter>
    </ClCompile>
    <ClCompile Include="fx_PlagueElfSpells.c">
      <Filter>src\Effects</Filter>
    </ClCompile>
    <ClCompile Include="fx_PlagueMist.c">
      <Filter>src\Effects</Filter>
    </ClCompile>
    <ClCompile Include="fx_PlagueMistExplode.c">
      <Filter>src\Effects</Filter>
    </ClCompile>
    <ClCompile Include="fx_portal.c">
      <Filter>src\Effects</Filter>
    </ClCompile>
    <ClCompile Include="fx_quake.c">
      <Filter>src\Effects</Filter>
    </ClCompile>
    <ClCompile Include="fx_RedRain.c">
      <Filter>src\Effects</Filter>
    </ClCompile>
    <ClCompile Include="fx_redrainglow.c">
      <Filter>src\Effects</Filter>
    </ClCompile>
    <ClCompile Include="fx_remotecamera.c">
      <Filter>src\Effects</Filter>
    </ClCompile>
    <ClCompile Include="fx_Ripples.c">
      <Filter>src\Effects</Filter>
    </ClCompile>
    <ClCompile Include="fx_rope.c">
      <Filter>src\Effects</Filter>
    </ClCompile>
    <ClCompile Include="fx_scorchmark.c">
      <Filter>src\Effects</Filter>
    </ClCompile>
    <ClCompile Include="fx_shadow.c">
      <Filter>src\Effects</Filter>
    </ClCompile>
    <ClCompile Include="fx_Shield.c">
      <Filter>src\Effects</Filter>
    </ClCompile>
    <ClCompile Include="fx_shrine.c">
      <Filter>src\Effects</Filter>
    </ClCompile>
    <ClCompile Include="fx_smoke.c">
      <Filter>src\Effects</Filter>
    </ClCompile>
    <ClCompile Include="fx_sound.c">
      <Filter>src\Effects</Filter>
    </ClCompile>
    <ClCompile Include="fx_sparks.c">
      <Filter>src\Effects</Filter>
    </ClCompile>
    <ClCompile Include="fx_spellchange.c">
      <Filter>src\Effects</Filter>
    </ClCompile>
    <ClCompile Include="fx_spellhands.c">
      <Filter>src\Effects</Filter>
    </ClCompile>
    <ClCompile Include="fx_sphereofannihlation.c">
      <Filter>src\Effects</Filter>
    </ClCompile>
    <ClCompile Include="fx_spoo.c">
      <Filter>src\Effects</Filter>
    </ClCompile>
    <ClCompile Include="fx_ssithra.c">
      <Filter>src\Effects</Filter>
    </ClCompile>
    <ClCompile Include="fx_staff.c">
      <Filter>src\Effects</Filter>
    </ClCompile>
    <ClCompile Include="fx_tbeast.c">
      <Filter>src\Effects</Filter>
    </ClCompile>
    <ClCompile Include="fx_teleport.c">
      <Filter>src\Effects</Filter>
    </ClCompile>
    <ClCompile Include="fx_tome.c">
      <Filter>src\Effects</Filter>
    </ClCompile>
    <ClCompile Include="fx_tornado.c">
      <Filter>src\Effects</Filter>
    </ClCompile>
    <ClCompile Include="fx_Wall.c">
      <Filter>src\Effects</Filter>
    </ClCompile>
    <ClCompile Include="fx_waterentrysplash.c">
      <Filter>src\Effects</Filter>
    </ClCompile>
    <ClCompile Include="fx_waterwake.c">
      <Filter>src\Effects</Filter>
    </ClCompile>
    <ClCompile Include="fx_StaffHit.c">
      <Filter>src\Effects</Filter>
    </ClCompile>
    <ClCompile Include="fx_Torch.c">
      <Filter>src\Effects</Filter>
    </ClCompile>
    <ClCompile Include="fx_AmmoPickup.c">
      <Filter>src\Effects\Pickups</Filter>
    </ClCompile>
    <ClCompile Include="fx_DefensePickup.c">
      <Filter>src\Effects\Pickups</Filter>
    </ClCompile>
    <ClCompile Include="fx_HealthPickup.c">
      <Filter>src\Effects\Pickups</Filter>
    </ClCompile>
    <ClCompile Include="fx_pickup.c">
      <Filter>src\Effects\Pickups</Filter>
    </ClCompile>
    <ClCompile Include="fx_PuzzlePickup.c">
      <Filter>src\Effects\Pickups</Filter>
    </ClCompile>
    <ClCompile Include="fx_WeaponPickup.c">
      <Filter>src\Effects\Pickups</Filter>
    </ClCompile>
    <ClCompile Include="fx_PlayerPersistent.c">
      <Filter>src\Effects</Filter>
    </ClCompile>
    <ClCompile Include="fx_WaterSplash.c">
      <Filter>src\Effects</Filter>
    </ClCompile>
    <ClCompile Include="fx_Explosion.c">
      <Filter>src\Effects</Filter>
    </ClCompile>
    <ClCompile Include="fx_ArmorHit.c">
      <Filter>src\Effects</Filter>
    </ClCompile>
    <ClCompile Include="fx_TestBBox.c">
      <Filter>src\Effects</Filter>
    </ClCompile>
    <ClCompile Include="fx_LightningHit.c">
      <Filter>src\Effects</Filter>
    </ClCompile>
    <ClCompile Include="fx_WaterParticles.c">
      <Filter>src\Effects</Filter>
    </ClCompile>
  </ItemGroup>
  <ItemGroup>
    <ClInclude Include="ce_DefaultMessageHandler.h">
      <Filter>src</Filter>
    </ClInclude>
    <ClInclude Include="ce_DLight.h">
      <Filter>src</Filter>
    </ClInclude>
    <ClInclude Include="ce_Message.h">
      <Filter>src</Filter>
    </ClInclude>
    <ClInclude Include="Client Entities.h">
      <Filter>src</Filter>
    </ClInclude>
    <ClInclude Include="Particle.h">
      <Filter>src</Filter>
    </ClInclude>
    <ClInclude Include="Utilities.h">
      <Filter>src</Filter>
    </ClInclude>
    <ClInclude Include="..\qcommon\Message.h">
      <Filter>qcommon</Filter>
    </ClInclude>
    <ClInclude Include="..\qcommon\items.h">
      <Filter>qcommon</Filter>
    </ClInclude>
    <ClInclude Include="..\qcommon\Vector.h">
      <Filter>qcommon</Filter>
    </ClInclude>
    <ClInclude Include="..\qcommon\anorms.h">
      <Filter>qcommon</Filter>
    </ClInclude>
    <ClInclude Include="LightStyles.h">
      <Filter>src</Filter>
    </ClInclude>
    <ClInclude Include="..\qcommon\LevelMaps.h">
      <Filter>qcommon</Filter>
    </ClInclude>
    <ClInclude Include="..\qcommon\turbsin.h">
      <Filter>qcommon</Filter>
    </ClInclude>
    <ClInclude Include="Client Effects.h">
      <Filter>src\Generic Effects</Filter>
    </ClInclude>
    <ClInclude Include="fx_blood.h">
      <Filter>src\Effects</Filter>
    </ClInclude>
    <ClInclude Include="fx_debris.h">
      <Filter>src\Effects</Filter>
    </ClInclude>
    <ClInclude Include="fx_dustpuff.h">
      <Filter>src\Effects</Filter>
    </ClInclude>
    <ClInclude Include="fx_flamethrow.h">
      <Filter>src\Effects</Filter>
    </ClInclude>
    <ClInclude Include="fx_HighPriestessProjectiles.h">
      <Filter>src\Effects</Filter>
    </ClInclude>
    <ClInclude Include="fx_mork.h">
      <Filter>src\Effects</Filter>
    </ClInclude>
    <ClInclude Include="fx_Phoenix.h">
      <Filter>src\Effects</Filter>
    </ClInclude>
    <ClInclude Include="fx_smoke.h">
      <Filter>src\Effects</Filter>
    </ClInclude>
    <ClInclude Include="fx_sparks.h">
      <Filter>src\Effects</Filter>
    </ClInclude>
    <ClInclude Include="..\qcommon\FX.h">
      <Filter>qcommon</Filter>
    </ClInclude>
    <ClInclude Include="..\qcommon\ParticleFlags.h">
      <Filter>qcommon</Filter>
    </ClInclude>
    <ClInclude Include="fx_WaterSplash.h">
      <Filter>src\Effects</Filter>
    </ClInclude>
  </ItemGroup>
</Project>