<?xml version="1.0" encoding="utf-8"?>
<Project ToolsVersion="4.0" xmlns="http://schemas.microsoft.com/developer/msbuild/2003">
  <ItemGroup>
    <Filter Include="src">
      <UniqueIdentifier>{62cbdb59-d84e-49ea-9ed4-0ec7a699f323}</UniqueIdentifier>
    </Filter>
  </ItemGroup>
  <ItemGroup>
    <ClCompile Include="Ambient Effects.c">
      <Filter>src</Filter>
    </ClCompile>
    <ClCompile Include="ce_DefaultMessageHandler.c">
      <Filter>src</Filter>
    </ClCompile>
    <ClCompile Include="ce_DLight.c">
      <Filter>src</Filter>
    </ClCompile>
    <ClCompile Include="ce_Message.c">
      <Filter>src</Filter>
    </ClCompile>
    <ClCompile Include="cl_fx.c">
      <Filter>src</Filter>
    </ClCompile>
    <ClCompile Include="Client Effects.c">
      <Filter>src</Filter>
    </ClCompile>
    <ClCompile Include="Client Entities.c">
      <Filter>src</Filter>
    </ClCompile>
    <ClCompile Include="Decal.c">
      <Filter>src</Filter>
    </ClCompile>
    <ClCompile Include="Font1.c">
      <Filter>src</Filter>
    </ClCompile>
    <ClCompile Include="Font2.c">
      <Filter>src</Filter>
    </ClCompile>
    <ClCompile Include="fx_AmmoPickup.c">
      <Filter>src</Filter>
    </ClCompile>
    <ClCompile Include="fx_animate.c">
      <Filter>src</Filter>
    </ClCompile>
    <ClCompile Include="fx_assassin.c">
      <Filter>src</Filter>
    </ClCompile>
    <ClCompile Include="fx_blood.c">
      <Filter>src</Filter>
    </ClCompile>
    <ClCompile Include="fx_BlueRing.c">
      <Filter>src</Filter>
    </ClCompile>
    <ClCompile Include="fx_bubbler.c">
      <Filter>src</Filter>
    </ClCompile>
    <ClCompile Include="fx_crosshair.c">
      <Filter>src</Filter>
    </ClCompile>
    <ClCompile Include="fx_cwatcher.c">
      <Filter>src</Filter>
    </ClCompile>
    <ClCompile Include="fx_debris.c">
      <Filter>src</Filter>
    </ClCompile>
    <ClCompile Include="fx_DefensePickup.c">
      <Filter>src</Filter>
    </ClCompile>
    <ClCompile Include="fx_Dripper.c">
      <Filter>src</Filter>
    </ClCompile>
    <ClCompile Include="fx_dust.c">
      <Filter>src</Filter>
    </ClCompile>
    <ClCompile Include="fx_dustpuff.c">
      <Filter>src</Filter>
    </ClCompile>
    <ClCompile Include="fx_fire.c">
      <Filter>src</Filter>
    </ClCompile>
    <ClCompile Include="fx_firehands.c">
      <Filter>src</Filter>
    </ClCompile>
    <ClCompile Include="fx_flamethrow.c">
      <Filter>src</Filter>
    </ClCompile>
    <ClCompile Include="fx_flyingfist.c">
      <Filter>src</Filter>
    </ClCompile>
    <ClCompile Include="fx_Fountain.c">
      <Filter>src</Filter>
    </ClCompile>
    <ClCompile Include="fx_halo.c">
      <Filter>src</Filter>
    </ClCompile>
    <ClCompile Include="fx_HealthPickup.c">
      <Filter>src</Filter>
    </ClCompile>
    <ClCompile Include="fx_HellStaff.c">
      <Filter>src</Filter>
    </ClCompile>
    <ClCompile Include="fx_hitpuff.c">
      <Filter>src</Filter>
    </ClCompile>
    <ClCompile Include="fx_hpproj.c">
      <Filter>src</Filter>
    </ClCompile>
    <ClCompile Include="fx_insectstaff.c">
      <Filter>src</Filter>
    </ClCompile>
    <ClCompile Include="fx_lensflare.c">
      <Filter>src</Filter>
    </ClCompile>
    <ClCompile Include="fx_lightning.c">
      <Filter>src</Filter>
    </ClCompile>
    <ClCompile Include="fx_Maceball.c">
      <Filter>src</Filter>
    </ClCompile>
    <ClCompile Include="fx_magicmissile.c">
      <Filter>src</Filter>
    </ClCompile>
    <ClCompile Include="fx_meteorbarrier.c">
      <Filter>src</Filter>
    </ClCompile>
    <ClCompile Include="fx_mist.c">
      <Filter>src</Filter>
    </ClCompile>
    <ClCompile Include="fx_mork.c">
      <Filter>src</Filter>
    </ClCompile>
    <ClCompile Include="fx_Morph.c">
      <Filter>src</Filter>
    </ClCompile>
    <ClCompile Include="fx_objects.c">
      <Filter>src</Filter>
    </ClCompile>
    <ClCompile Include="fx_pespell.c">
      <Filter>src</Filter>
    </ClCompile>
    <ClCompile Include="fx_Phoenix.c">
      <Filter>src</Filter>
    </ClCompile>
    <ClCompile Include="fx_pickup.c">
      <Filter>src</Filter>
    </ClCompile>
    <ClCompile Include="fx_pickuppuzzle.c">
      <Filter>src</Filter>
    </ClCompile>
    <ClCompile Include="fx_PlagueMist.c">
      <Filter>src</Filter>
    </ClCompile>
    <ClCompile Include="fx_PlagueMistExplode.c">
      <Filter>src</Filter>
    </ClCompile>
    <ClCompile Include="fx_portal.c">
      <Filter>src</Filter>
    </ClCompile>
    <ClCompile Include="fx_quake.c">
      <Filter>src</Filter>
    </ClCompile>
    <ClCompile Include="fx_RedRain.c">
      <Filter>src</Filter>
    </ClCompile>
    <ClCompile Include="fx_redrainglow.c">
      <Filter>src</Filter>
    </ClCompile>
    <ClCompile Include="fx_remotecamera.c">
      <Filter>src</Filter>
    </ClCompile>
    <ClCompile Include="fx_Ripples.c">
      <Filter>src</Filter>
    </ClCompile>
    <ClCompile Include="fx_rope.c">
      <Filter>src</Filter>
    </ClCompile>
    <ClCompile Include="fx_scorchmark.c">
      <Filter>src</Filter>
    </ClCompile>
    <ClCompile Include="fx_shadow.c">
      <Filter>src</Filter>
    </ClCompile>
    <ClCompile Include="fx_Shield.c">
      <Filter>src</Filter>
    </ClCompile>
    <ClCompile Include="fx_shrine.c">
      <Filter>src</Filter>
    </ClCompile>
    <ClCompile Include="fx_smoke.c">
      <Filter>src</Filter>
    </ClCompile>
    <ClCompile Include="fx_sound.c">
      <Filter>src</Filter>
    </ClCompile>
    <ClCompile Include="fx_sparks.c">
      <Filter>src</Filter>
    </ClCompile>
    <ClCompile Include="fx_spellchange.c">
      <Filter>src</Filter>
    </ClCompile>
    <ClCompile Include="fx_spellhands.c">
      <Filter>src</Filter>
    </ClCompile>
    <ClCompile Include="fx_sphereofannihlation.c">
      <Filter>src</Filter>
    </ClCompile>
    <ClCompile Include="fx_spoo.c">
      <Filter>src</Filter>
    </ClCompile>
    <ClCompile Include="fx_ssarrow.c">
      <Filter>src</Filter>
    </ClCompile>
    <ClCompile Include="fx_ssithra.c">
      <Filter>src</Filter>
    </ClCompile>
    <ClCompile Include="fx_staff.c">
      <Filter>src</Filter>
    </ClCompile>
    <ClCompile Include="fx_tbeast.c">
      <Filter>src</Filter>
    </ClCompile>
    <ClCompile Include="fx_teleport.c">
      <Filter>src</Filter>
    </ClCompile>
    <ClCompile Include="fx_tome.c">
      <Filter>src</Filter>
    </ClCompile>
    <ClCompile Include="fx_tornado.c">
      <Filter>src</Filter>
    </ClCompile>
    <ClCompile Include="fx_Wall.c">
      <Filter>src</Filter>
    </ClCompile>
    <ClCompile Include="fx_waterentrysplash.c">
      <Filter>src</Filter>
    </ClCompile>
    <ClCompile Include="fx_waterwake.c">
      <Filter>src</Filter>
    </ClCompile>
    <ClCompile Include="fx_WeaponPickup.c">
      <Filter>src</Filter>
    </ClCompile>
    <ClCompile Include="Generic Character Effects.c">
      <Filter>src</Filter>
    </ClCompile>
    <ClCompile Include="Generic Weapon Effects.c">
      <Filter>src</Filter>
    </ClCompile>
    <ClCompile Include="Item Effects.c">
      <Filter>src</Filter>
    </ClCompile>
    <ClCompile Include="LevelMaps.c">
      <Filter>src</Filter>
    </ClCompile>
    <ClCompile Include="LightStyles.c">
      <Filter>src</Filter>
    </ClCompile>
    <ClCompile Include="Main.c">
      <Filter>src</Filter>
    </ClCompile>
    <ClCompile Include="Monster Weapon Effects.c">
      <Filter>src</Filter>
    </ClCompile>
    <ClCompile Include="Particle.c">
      <Filter>src</Filter>
    </ClCompile>
    <ClCompile Include="Player Effects.c">
      <Filter>src</Filter>
    </ClCompile>
    <ClCompile Include="TestEffect.c">
      <Filter>src</Filter>
    </ClCompile>
    <ClCompile Include="Utilities.c">
      <Filter>src</Filter>
    </ClCompile>
  </ItemGroup>
  <ItemGroup>
    <ClInclude Include="ambient effects.h">
      <Filter>src</Filter>
    </ClInclude>
    <ClInclude Include="ce_DefaultMessageHandler.h">
      <Filter>src</Filter>
    </ClInclude>
    <ClInclude Include="ce_DLight.h">
      <Filter>src</Filter>
    </ClInclude>
    <ClInclude Include="ce_Message.h">
      <Filter>src</Filter>
    </ClInclude>
    <ClInclude Include="Client Effects.h">
      <Filter>src</Filter>
    </ClInclude>
    <ClInclude Include="Client Entities.h">
      <Filter>src</Filter>
    </ClInclude>
    <ClInclude Include="Decal.h">
      <Filter>src</Filter>
    </ClInclude>
    <ClInclude Include="fx_debris.h">
      <Filter>src</Filter>
    </ClInclude>
    <ClInclude Include="fx_dustpuff.h">
      <Filter>src</Filter>
    </ClInclude>
    <ClInclude Include="Particle.h">
      <Filter>src</Filter>
    </ClInclude>
    <ClInclude Include="Utilities.h">
      <Filter>src</Filter>
    </ClInclude>
  </ItemGroup>
</Project>