
Microsoft Visual Studio Solution File, Format Version 12.00
# Visual Studio Version 17
VisualStudioVersion = 17.10.34916.146
MinimumVisualStudioVersion = 10.0.40219.1
Project("{8BC9CEB8-8B4A-11D0-8D11-00A0C91BC942}") = "H2Common", "H2Common\H2Common.vcxproj", "{0344D3E0-BAA4-4747-8D13-8CAC69C60CEA}"
EndProject
Project("{8BC9CEB8-8B4A-11D0-8D11-00A0C91BC942}") = "ref_gl", "ref_gl\ref_gl.vcxproj", "{607D063D-A34F-43FC-AD08-0AB2320C8E45}"
	ProjectSection(ProjectDependencies) = postProject
		{0344D3E0-BAA4-4747-8D13-8CAC69C60CEA} = {0344D3E0-BAA4-4747-8D13-8CAC69C60CEA}
		{0D079EB7-E519-4759-AC96-23010BC0B083} = {0D079EB7-E519-4759-AC96-23010BC0B083}
	EndProjectSection
EndProject
Project("{8BC9CEB8-8B4A-11D0-8D11-00A0C91BC942}") = "quake2", "win32\quake2.vcxproj", "{0D079EB7-E519-4759-AC96-23010BC0B083}"
	ProjectSection(ProjectDependencies) = postProject
		{0344D3E0-BAA4-4747-8D13-8CAC69C60CEA} = {0344D3E0-BAA4-4747-8D13-8CAC69C60CEA}
	EndProjectSection
EndProject
Project("{8BC9CEB8-8B4A-11D0-8D11-00A0C91BC942}") = "Heretic2R", "launcher\Heretic2R.vcxproj", "{E74709E5-B9C6-4479-9CA6-6D7989E94C82}"
	ProjectSection(ProjectDependencies) = postProject
		{0344D3E0-BAA4-4747-8D13-8CAC69C60CEA} = {0344D3E0-BAA4-4747-8D13-8CAC69C60CEA}
		{0CA7590E-B80D-4474-B135-5E48DF0C9964} = {0CA7590E-B80D-4474-B135-5E48DF0C9964}
		{0D079EB7-E519-4759-AC96-23010BC0B083} = {0D079EB7-E519-4759-AC96-23010BC0B083}
		{607D063D-A34F-43FC-AD08-0AB2320C8E45} = {607D063D-A34F-43FC-AD08-0AB2320C8E45}
		{7861A291-FB74-4AE9-AAA7-83F94A7D2180} = {7861A291-FB74-4AE9-AAA7-83F94A7D2180}
		{AA334748-A73C-4B14-BA76-01975A87E594} = {AA334748-A73C-4B14-BA76-01975A87E594}
		{D69DFD98-F807-449A-A11F-37A3B512A4EB} = {D69DFD98-F807-449A-A11F-37A3B512A4EB}
	EndProjectSection
EndProject
Project("{8BC9CEB8-8B4A-11D0-8D11-00A0C91BC942}") = "Client Effects", "client effects\Client Effects.vcxproj", "{AA334748-A73C-4B14-BA76-01975A87E594}"
	ProjectSection(ProjectDependencies) = postProject
		{0344D3E0-BAA4-4747-8D13-8CAC69C60CEA} = {0344D3E0-BAA4-4747-8D13-8CAC69C60CEA}
		{0D079EB7-E519-4759-AC96-23010BC0B083} = {0D079EB7-E519-4759-AC96-23010BC0B083}
	EndProjectSection
EndProject
Project("{8BC9CEB8-8B4A-11D0-8D11-00A0C91BC942}") = "Player", "Player\Player.vcxproj", "{7861A291-FB74-4AE9-AAA7-83F94A7D2180}"
	ProjectSection(ProjectDependencies) = postProject
		{0344D3E0-BAA4-4747-8D13-8CAC69C60CEA} = {0344D3E0-BAA4-4747-8D13-8CAC69C60CEA}
	EndProjectSection
EndProject
Project("{8BC9CEB8-8B4A-11D0-8D11-00A0C91BC942}") = "gamex86", "game\game.vcxproj", "{D69DFD98-F807-449A-A11F-37A3B512A4EB}"
	ProjectSection(ProjectDependencies) = postProject
		{0344D3E0-BAA4-4747-8D13-8CAC69C60CEA} = {0344D3E0-BAA4-4747-8D13-8CAC69C60CEA}
	EndProjectSection
EndProject
Project("{8BC9CEB8-8B4A-11D0-8D11-00A0C91BC942}") = "WinSnd", "WinSnd\WinSnd.vcxproj", "{0CA7590E-B80D-4474-B135-5E48DF0C9964}"
	ProjectSection(ProjectDependencies) = postProject
		{0344D3E0-BAA4-4747-8D13-8CAC69C60CEA} = {0344D3E0-BAA4-4747-8D13-8CAC69C60CEA}
		{0D079EB7-E519-4759-AC96-23010BC0B083} = {0D079EB7-E519-4759-AC96-23010BC0B083}
	EndProjectSection
EndProject
Global
	GlobalSection(SolutionConfigurationPlatforms) = preSolution
		Debug|x86 = Debug|x86
		Release|x86 = Release|x86
	EndGlobalSection
	GlobalSection(ProjectConfigurationPlatforms) = postSolution
		{0344D3E0-BAA4-4747-8D13-8CAC69C60CEA}.Debug|x86.ActiveCfg = Debug|Win32
		{0344D3E0-BAA4-4747-8D13-8CAC69C60CEA}.Debug|x86.Build.0 = Debug|Win32
		{0344D3E0-BAA4-4747-8D13-8CAC69C60CEA}.Release|x86.ActiveCfg = Release|Win32
		{0344D3E0-BAA4-4747-8D13-8CAC69C60CEA}.Release|x86.Build.0 = Release|Win32
		{607D063D-A34F-43FC-AD08-0AB2320C8E45}.Debug|x86.ActiveCfg = Debug|Win32
		{607D063D-A34F-43FC-AD08-0AB2320C8E45}.Debug|x86.Build.0 = Debug|Win32
		{607D063D-A34F-43FC-AD08-0AB2320C8E45}.Release|x86.ActiveCfg = Release|Win32
		{607D063D-A34F-43FC-AD08-0AB2320C8E45}.Release|x86.Build.0 = Release|Win32
		{0D079EB7-E519-4759-AC96-23010BC0B083}.Debug|x86.ActiveCfg = Debug|Win32
		{0D079EB7-E519-4759-AC96-23010BC0B083}.Debug|x86.Build.0 = Debug|Win32
		{0D079EB7-E519-4759-AC96-23010BC0B083}.Release|x86.ActiveCfg = Release|Win32
		{0D079EB7-E519-4759-AC96-23010BC0B083}.Release|x86.Build.0 = Release|Win32
		{E74709E5-B9C6-4479-9CA6-6D7989E94C82}.Debug|x86.ActiveCfg = Debug|Win32
		{E74709E5-B9C6-4479-9CA6-6D7989E94C82}.Debug|x86.Build.0 = Debug|Win32
		{E74709E5-B9C6-4479-9CA6-6D7989E94C82}.Release|x86.ActiveCfg = Release|Win32
		{E74709E5-B9C6-4479-9CA6-6D7989E94C82}.Release|x86.Build.0 = Release|Win32
		{AA334748-A73C-4B14-BA76-01975A87E594}.Debug|x86.ActiveCfg = Debug|Win32
		{AA334748-A73C-4B14-BA76-01975A87E594}.Debug|x86.Build.0 = Debug|Win32
		{AA334748-A73C-4B14-BA76-01975A87E594}.Release|x86.ActiveCfg = Release|Win32
		{AA334748-A73C-4B14-BA76-01975A87E594}.Release|x86.Build.0 = Release|Win32
		{7861A291-FB74-4AE9-AAA7-83F94A7D2180}.Debug|x86.ActiveCfg = Debug|Win32
		{7861A291-FB74-4AE9-AAA7-83F94A7D2180}.Debug|x86.Build.0 = Debug|Win32
		{7861A291-FB74-4AE9-AAA7-83F94A7D2180}.Release|x86.ActiveCfg = Release|Win32
		{7861A291-FB74-4AE9-AAA7-83F94A7D2180}.Release|x86.Build.0 = Release|Win32
		{D69DFD98-F807-449A-A11F-37A3B512A4EB}.Debug|x86.ActiveCfg = Debug|Win32
		{D69DFD98-F807-449A-A11F-37A3B512A4EB}.Debug|x86.Build.0 = Debug|Win32
		{D69DFD98-F807-449A-A11F-37A3B512A4EB}.Release|x86.ActiveCfg = Release|Win32
		{D69DFD98-F807-449A-A11F-37A3B512A4EB}.Release|x86.Build.0 = Release|Win32
		{0CA7590E-B80D-4474-B135-5E48DF0C9964}.Debug|x86.ActiveCfg = Debug|Win32
		{0CA7590E-B80D-4474-B135-5E48DF0C9964}.Debug|x86.Build.0 = Debug|Win32
		{0CA7590E-B80D-4474-B135-5E48DF0C9964}.Release|x86.ActiveCfg = Release|Win32
		{0CA7590E-B80D-4474-B135-5E48DF0C9964}.Release|x86.Build.0 = Release|Win32
	EndGlobalSection
	GlobalSection(SolutionProperties) = preSolution
		HideSolutionNode = FALSE
	EndGlobalSection
	GlobalSection(ExtensibilityGlobals) = postSolution
		SolutionGuid = {7A98CBDA-8407-4AD8-9D1D-0D1EE41BF9AB}
	EndGlobalSection
EndGlobal
